
Microsoft Visual Studio Solution File, Format Version 12.00
# Visual Studio Version 17
VisualStudioVersion = 17.13.35913.81
MinimumVisualStudioVersion = 10.0.40219.1
Project("{FAE04EC0-301F-11D3-BF4B-00C04F79EFBC}") = "Domain", "Domain\Domain.csproj", "{E1319974-E9EE-4074-A2A3-742A7EEBB586}"
EndProject
Project("{FAE04EC0-301F-11D3-BF4B-00C04F79EFBC}") = "Application", "Application\Application.csproj", "{8C584489-D9BC-4C7F-A790-3E90AFB188E6}"
EndProject
Project("{FAE04EC0-301F-11D3-BF4B-00C04F79EFBC}") = "Infrastructure", "Infrastructure\Infrastructure.csproj", "{A9B668C6-320F-4951-BBE6-5122CCFB9785}"
EndProject
Project("{FAE04EC0-301F-11D3-BF4B-00C04F79EFBC}") = "WebApi", "WebApi\WebApi.csproj", "{8D6B33C5-CEE1-20B5-A207-99CBB61F699C}"
EndProject
Global
	GlobalSection(SolutionConfigurationPlatforms) = preSolution
		Debug|Any CPU = Debug|Any CPU
		Release|Any CPU = Release|Any CPU
	EndGlobalSection
	GlobalSection(ProjectConfigurationPlatforms) = postSolution
		{E1319974-E9EE-4074-A2A3-742A7EEBB586}.Debug|Any CPU.ActiveCfg = Debug|Any CPU
		{E1319974-E9EE-4074-A2A3-742A7EEBB586}.Debug|Any CPU.Build.0 = Debug|Any CPU
		{E1319974-E9EE-4074-A2A3-742A7EEBB586}.Release|Any CPU.ActiveCfg = Release|Any CPU
		{E1319974-E9EE-4074-A2A3-742A7EEBB586}.Release|Any CPU.Build.0 = Release|Any CPU
		{8C584489-D9BC-4C7F-A790-3E90AFB188E6}.Debug|Any CPU.ActiveCfg = Debug|Any CPU
		{8C584489-D9BC-4C7F-A790-3E90AFB188E6}.Debug|Any CPU.Build.0 = Debug|Any CPU
		{8C584489-D9BC-4C7F-A790-3E90AFB188E6}.Release|Any CPU.ActiveCfg = Release|Any CPU
		{8C584489-D9BC-4C7F-A790-3E90AFB188E6}.Release|Any CPU.Build.0 = Release|Any CPU
		{A9B668C6-320F-4951-BBE6-5122CCFB9785}.Debug|Any CPU.ActiveCfg = Debug|Any CPU
		{A9B668C6-320F-4951-BBE6-5122CCFB9785}.Debug|Any CPU.Build.0 = Debug|Any CPU
		{A9B668C6-320F-4951-BBE6-5122CCFB9785}.Release|Any CPU.ActiveCfg = Release|Any CPU
		{A9B668C6-320F-4951-BBE6-5122CCFB9785}.Release|Any CPU.Build.0 = Release|Any CPU
		{8D6B33C5-CEE1-20B5-A207-99CBB61F699C}.Debug|Any CPU.ActiveCfg = Debug|Any CPU
		{8D6B33C5-CEE1-20B5-A207-99CBB61F699C}.Debug|Any CPU.Build.0 = Debug|Any CPU
		{8D6B33C5-CEE1-20B5-A207-99CBB61F699C}.Release|Any CPU.ActiveCfg = Release|Any CPU
		{8D6B33C5-CEE1-20B5-A207-99CBB61F699C}.Release|Any CPU.Build.0 = Release|Any CPU
	EndGlobalSection
	GlobalSection(SolutionProperties) = preSolution
		HideSolutionNode = FALSE
	EndGlobalSection
	GlobalSection(ExtensibilityGlobals) = postSolution
		SolutionGuid = {2DCC4840-A526-44F8-9475-1FBBE7CFC58D}
	EndGlobalSection
EndGlobal
